PODS:
  - DTCoreText (1.6.23):
    - DTCoreText/Core (= 1.6.23)
    - DTFoundation/Core (~> 1.7.5)
    - DTFoundation/DTAnimatedGIF (~> 1.7.5)
    - DTFoundation/DTHTMLParser (~> 1.7.5)
    - DTFoundation/UIKit (~> 1.7.5)
  - DTCoreText/Core (1.6.23):
    - DTFoundation/Core (~> 1.7.5)
    - DTFoundation/DTAnimatedGIF (~> 1.7.5)
    - DTFoundation/DTHTMLParser (~> 1.7.5)
    - DTFoundation/UIKit (~> 1.7.5)
  - DTFoundation/Core (1.7.14)
  - DTFoundation/DTAnimatedGIF (1.7.14)
  - DTFoundation/DTHTMLParser (1.7.14):
    - DTFoundation/Core
  - DTFoundation/UIKit (1.7.14):
    - DTFoundation/Core
  - Kingfisher (5.13.0):
    - Kingfisher/Core (= 5.13.0)
  - Kingfisher/Core (5.13.0)
  - "NSObject+Rx (5.0.2)":
    - RxSwift (~> 5.0)
  - RxCocoa (5.0.1):
    - RxRelay (~> 5)
    - RxSwift (~> 5)
  - RxGesture (3.0.1):
    - RxCocoa (~> 5.0)
    - RxSwift (~> 5.0)
  - RxOptional (4.1.0):
    - RxCocoa (~> 5)
    - RxSwift (~> 5)
  - RxRelay (5.0.1):
    - RxSwift (~> 5)
  - RxSwift (5.0.1)
  - SwiftSoup (2.3.0)
  - WordPress-Aztec-iOS (1.17.0)
  - Zip (1.1.0)

DEPENDENCIES:
  - DTCoreText
  - Kingfisher (~> 5.0)
  - "NSObject+Rx"
  - RxCocoa (~> 5)
  - RxGesture
  - RxOptional
  - RxRelay (~> 5)
  - RxSwift (~> 5)
  - SwiftSoup
  - WordPress-Aztec-iOS
  - Zip (~> 1.1)

SPEC REPOS:
  trunk:
    - DTCoreText
    - DTFoundation
    - Kingfisher
    - "NSObject+Rx"
    - RxCocoa
    - RxGesture
    - RxOptional
    - RxRelay
    - RxSwift
    - SwiftSoup
    - WordPress-Aztec-iOS
    - Zip

SPEC CHECKSUMS:
  DTCoreText: 67023bb51b26711d5f640c851f4845aea14c24c9
  DTFoundation: 25aa19bb7c6e225b1dfae195604fb8cf1da0ab4c
  Kingfisher: 0d334cada987fcddbe9b5cec516406e1ee9d4748
  "NSObject+Rx": 2eb2cf51fd1c554118449a7fbc36e4cd620b9e94
  RxCocoa: e741b9749968e8a143e2b787f1dfbff2b63d0a5c
  RxGesture: a3f8dd6adf078110ed5e1c9c30d09d705a09852e
  RxOptional: b1fcd60856807a564c0215c2184b8d33e7826dc2
  RxRelay: 89d54507f4fd4d969e6ec1d4bd7f3673640b4640
  RxSwift: e2dc62b366a3adf6a0be44ba9f405efd4c94e0c4
  SwiftSoup: d78683f7ea0ae5733225a9e1d3bee5b256449df4
  WordPress-Aztec-iOS: 2a9fb6c2a23284f53d6d69ada43c50b5fddc7c3b
  Zip: 8877eede3dda76bcac281225c20e71c25270774c

PODFILE CHECKSUM: 15247ab2256a0cc4e53bad72c76eb41de4f67ab4

COCOAPODS: 1.9.0
